lockfileVersion: 5.4

specifiers:
  '@composedb/client': ^0.3.1
  nounsdata: ^0.0.6

dependencies:
  '@composedb/client': 0.3.1
  nounsdata: 0.0.6

packages:

  /@ceramicnetwork/common/2.18.0:
    resolution: {integrity: sha512-z716JnPjDzGy9P2p++XsF3ApbLRmeZX4notAaYH9MW2PAqcaQeGBistxgLV/JZaOOGc9MDDiTGeCJ8CL/PiB0w==}
    dependencies:
      '@ceramicnetwork/streamid': 2.10.0
      '@didtools/cacao': 1.1.0
      '@didtools/pkh-ethereum': 0.0.3
      '@didtools/pkh-solana': 0.0.4
      '@didtools/pkh-tezos': 0.0.2
      '@stablelib/random': 1.0.2
      caip: 1.1.0
      cross-fetch: 3.1.5
      flat: 5.0.2
      it-first: 1.0.7
      jet-logger: 1.2.2
      lodash.clonedeep: 4.5.0
      logfmt: 1.3.2
      multiformats: 9.9.0
      rxjs: 7.8.0
      uint8arrays: 3.1.1
    transitivePeerDependencies:
      - encoding
    dev: false

  /@ceramicnetwork/http-client/2.15.0:
    resolution: {integrity: sha512-WYZOadKh4WdI5GSBJp2QxeKvDTUdxrZhQdTysvxWuOzQEUtIphOINfEK//3n/G3ObP/aKhea1ThJjKZyQIghlw==}
    dependencies:
      '@ceramicnetwork/common': 2.18.0
      '@ceramicnetwork/stream-caip10-link': 2.13.0
      '@ceramicnetwork/stream-model': 0.16.0
      '@ceramicnetwork/stream-model-instance': 0.14.0
      '@ceramicnetwork/stream-tile': 2.14.0
      '@ceramicnetwork/streamid': 2.10.0
      query-string: 7.1.3
      rxjs: 7.8.0
    transitivePeerDependencies:
      - encoding
    dev: false

  /@ceramicnetwork/stream-caip10-link/2.13.0:
    resolution: {integrity: sha512-AQuoB9tTQqAcVfkc1xCOmB0ILBt6gEIL4/76V81ztLlFX4AchqEzL9T3p5+CZfFZWRlD0ESdOEWvmaFZd6pOEw==}
    dependencies:
      '@ceramicnetwork/common': 2.18.0
      '@ceramicnetwork/streamid': 2.10.0
      caip: 1.1.0
      did-resolver: 3.2.2
      lodash.clonedeep: 4.5.0
    transitivePeerDependencies:
      - encoding
    dev: false

  /@ceramicnetwork/stream-model-instance/0.14.0:
    resolution: {integrity: sha512-xqAOd2dB3abIGWHVDYTJKkyAZXC3Y/y8ilciq5WEyAL0jB3QE+JlJlz7+MypWYUO57vMPkicvWeoneLdEr4+Fw==}
    dependencies:
      '@ceramicnetwork/common': 2.18.0
      '@ceramicnetwork/streamid': 2.10.0
      '@ipld/dag-cbor': 7.0.3
      '@stablelib/random': 1.0.2
      fast-json-patch: 3.1.1
      uint8arrays: 3.1.1
    transitivePeerDependencies:
      - encoding
    dev: false

  /@ceramicnetwork/stream-model-instance/0.9.0:
    resolution: {integrity: sha512-COcaVhzlairDFZHBbdQ27Bo0zkdC0E0SDMUc/R5NlgczI5OxNhrG7TShGcRzBGeQJfMa8UrxVAYFpXmn3QQ8QQ==}
    dependencies:
      '@ceramicnetwork/common': 2.18.0
      '@ceramicnetwork/streamid': 2.10.0
      '@ipld/dag-cbor': 7.0.3
      '@stablelib/random': 1.0.2
      fast-json-patch: 3.1.1
      uint8arrays: 3.1.1
    transitivePeerDependencies:
      - encoding
    dev: false

  /@ceramicnetwork/stream-model/0.11.0:
    resolution: {integrity: sha512-2sP59rThgCjNHaix0w/ekdcltnRj/wzF2hd8roZ0SeO7msHJWD+6lDIdtGLAdg8XpD5KUFdXd/L+1FvXaAaK9g==}
    dependencies:
      '@ceramicnetwork/common': 2.18.0
      '@ceramicnetwork/streamid': 2.10.0
      '@ipld/dag-cbor': 7.0.3
      '@stablelib/random': 1.0.2
      fast-json-patch: 3.1.1
      json-schema-typed: 8.0.1
      multiformats: 9.9.0
      multihashes: 4.0.3
      uint8arrays: 3.1.1
    transitivePeerDependencies:
      - encoding
    dev: false

  /@ceramicnetwork/stream-model/0.16.0:
    resolution: {integrity: sha512-EOcFbSLN47i/E7NSle9QKSS9UwQvwUFQ15ZsN69dKPQaHiEpwuChJry9O+8w4X12991kKrjVwC3cwi+XwDFbWA==}
    dependencies:
      '@ceramicnetwork/common': 2.18.0
      '@ceramicnetwork/streamid': 2.10.0
      '@ipld/dag-cbor': 7.0.3
      '@stablelib/random': 1.0.2
      fast-json-patch: 3.1.1
      json-schema-typed: 8.0.1
      multiformats: 9.9.0
      multihashes: 4.0.3
      uint8arrays: 3.1.1
    transitivePeerDependencies:
      - encoding
    dev: false

  /@ceramicnetwork/stream-tile/2.14.0:
    resolution: {integrity: sha512-2RDfL+H/A+CfAa2lY9zJnEK2GeftnFyeKMeziu6AMb6dKy8BZN7JnDhHCs1U8uZi0YhEFs2vue1OhhYYBfdj9Q==}
    dependencies:
      '@ceramicnetwork/common': 2.18.0
      '@ceramicnetwork/streamid': 2.10.0
      '@ipld/dag-cbor': 7.0.3
      '@stablelib/random': 1.0.2
      dids: 3.4.0
      fast-json-patch: 3.1.1
      lodash.clonedeep: 4.5.0
      uint8arrays: 3.1.1
    transitivePeerDependencies:
      - encoding
    dev: false

  /@ceramicnetwork/streamid/2.10.0:
    resolution: {integrity: sha512-sVTt1vqCrTBCOOu7FSI8+4VeRbBqgxzJmnvfbq9P/St1aUSw5Yvjq1HaT2VnUbfc2oJRAa0m4wjOyLn6rlPPLQ==}
    dependencies:
      '@ipld/dag-cbor': 7.0.3
      mapmoize: 1.2.1
      multiformats: 9.9.0
      uint8arrays: 3.1.1
      varint: 6.0.0
    dev: false

  /@composedb/client/0.3.1:
    resolution: {integrity: sha512-CpfB09xxzlOy49wXagqHx3ISkFzA4lJEIPDZ+PxBNwLzGqaKSy0lJ0Tm1VzKEeDTxuMQ3fW/XH9jpfz0I/g3rQ==}
    engines: {node: '>=16'}
    dependencies:
      '@ceramicnetwork/http-client': 2.15.0
      '@ceramicnetwork/stream-model-instance': 0.9.0
      '@ceramicnetwork/streamid': 2.10.0
      '@composedb/graphql-scalars': 0.3.1
      dataloader: 2.1.0
      graphql: 16.6.0
      graphql-relay: 0.10.0_graphql@16.6.0
    transitivePeerDependencies:
      - encoding
    dev: false

  /@composedb/graphql-scalars/0.3.1:
    resolution: {integrity: sha512-YNjgv1vHIyDNM2xzU/O6ereTa1uuA0Ysvyy2wst00VWdw2xZKHgdhQ1ZZxzKa87MywLB7TucGHW1tRS87w06dQ==}
    engines: {node: '>=16'}
    dependencies:
      '@ceramicnetwork/streamid': 2.10.0
      '@composedb/types': 0.3.1
      graphql: 16.6.0
      graphql-scalars: 1.20.1_graphql@16.6.0
    transitivePeerDependencies:
      - encoding
    dev: false

  /@composedb/types/0.3.1:
    resolution: {integrity: sha512-CKy3dTyZ8KHIjHOwS43apvQMnr/Bi0paZ7vkvaNvTqpZ+KncXX6WaVCs3D7bTlFVFLKiv9cIfZ96DCDdafyY8w==}
    engines: {node: '>=16'}
    dependencies:
      '@ceramicnetwork/stream-model': 0.11.0
      '@ceramicnetwork/stream-model-instance': 0.9.0
      dids: 3.4.0
      json-schema-typed: 8.0.1
    transitivePeerDependencies:
      - encoding
    dev: false

  /@didtools/cacao/1.1.0:
    resolution: {integrity: sha512-7rTU6iUa5vXzwuNzC+awwnJ/4D15+AHV2ytQohL4t1QA/zNbHdkcPnF1Hq+6vRoMnVFlasSpsxlTatjOBqg1RA==}
    engines: {node: '>=14.14'}
    dependencies:
      '@ipld/dag-cbor': 7.0.3
      apg-js: 4.1.3
      caip: 1.1.0
      multiformats: 9.9.0
      uint8arrays: 4.0.3
    dev: false

  /@didtools/pkh-ethereum/0.0.1:
    resolution: {integrity: sha512-2hDt1f60WXUNWMVS9S9b0pmXl78ivkVxZJHeyBUkbz7O7To1rHvlgvJ0gFJ3sKVemI1llpClzwd3PEjZfGwiUw==}
    engines: {node: '>=14.14'}
    dependencies:
      '@didtools/cacao': 1.1.0
      '@ethersproject/wallet': 5.7.0
      '@stablelib/random': 1.0.2
      caip: 1.1.0
    dev: false

  /@didtools/pkh-ethereum/0.0.3:
    resolution: {integrity: sha512-+hfVzkk6fd0CifgdNzQ+og2B1q8O7Wmx3IZQz1wejQH8HfjRX0tNL41aw5Df6T9Vzps0R45ULnY46SVdmORg3A==}
    engines: {node: '>=14.14'}
    dependencies:
      '@didtools/cacao': 1.1.0
      '@ethersproject/wallet': 5.7.0
      '@stablelib/random': 1.0.2
      caip: 1.1.0
    dev: false

  /@didtools/pkh-solana/0.0.4:
    resolution: {integrity: sha512-vV7qUabOYdpCoJHE6mS1teCCgXtYDpUnsT6CrzY7lEsmSB0gw9W14VhfosI2urv2CAJj2xW2Xm4hsrYulngS6w==}
    engines: {node: '>=14.14'}
    dependencies:
      '@didtools/cacao': 1.1.0
      '@stablelib/ed25519': 1.0.3
      '@stablelib/random': 1.0.2
      caip: 1.1.0
      uint8arrays: 3.1.1
    dev: false

  /@didtools/pkh-tezos/0.0.2:
    resolution: {integrity: sha512-G23+XLkCiHGsFO7ATW+ApczJzE7iRYV4tI43nBP13/IZ1Bx0ietZLOS84AdeGqZLHtsWqbKjzEX41x7+OfXCWQ==}
    engines: {node: '>=14.14'}
    dependencies:
      '@didtools/cacao': 1.1.0
      '@stablelib/random': 1.0.2
      '@taquito/utils': 14.2.0
      caip: 1.1.0
    dev: false

  /@ethersproject/abstract-provider/5.7.0:
    resolution: {integrity: sha512-R41c9UkchKCpAqStMYUpdunjo3pkEvZC3FAwZn5S5MGbXoMQOHIdHItezTETxAO5bevtMApSyEhn9+CHcDsWBw==}
    dependencies:
      '@ethersproject/bignumber': 5.7.0
      '@ethersproject/bytes': 5.7.0
      '@ethersproject/logger': 5.7.0
      '@ethersproject/networks': 5.7.1
      '@ethersproject/properties': 5.7.0
      '@ethersproject/transactions': 5.7.0
      '@ethersproject/web': 5.7.1
    dev: false

  /@ethersproject/abstract-signer/5.7.0:
    resolution: {integrity: sha512-a16V8bq1/Cz+TGCkE2OPMTOUDLS3grCpdjoJCYNnVBbdYEMSgKrU0+B90s8b6H+ByYTBZN7a3g76jdIJi7UfKQ==}
    dependencies:
      '@ethersproject/abstract-provider': 5.7.0
      '@ethersproject/bignumber': 5.7.0
      '@ethersproject/bytes': 5.7.0
      '@ethersproject/logger': 5.7.0
      '@ethersproject/properties': 5.7.0
    dev: false

  /@ethersproject/address/5.7.0:
    resolution: {integrity: sha512-9wYhYt7aghVGo758POM5nqcOMaE168Q6aRLJZwUmiqSrAungkG74gSSeKEIR7ukixesdRZGPgVqme6vmxs1fkA==}
    dependencies:
      '@ethersproject/bignumber': 5.7.0
      '@ethersproject/bytes': 5.7.0
      '@ethersproject/keccak256': 5.7.0
      '@ethersproject/logger': 5.7.0
      '@ethersproject/rlp': 5.7.0
    dev: false

  /@ethersproject/base64/5.7.0:
    resolution: {integrity: sha512-Dr8tcHt2mEbsZr/mwTPIQAf3Ai0Bks/7gTw9dSqk1mQvhW3XvRlmDJr/4n+wg1JmCl16NZue17CDh8xb/vZ0sQ==}
    dependencies:
      '@ethersproject/bytes': 5.7.0
    dev: false

  /@ethersproject/basex/5.7.0:
    resolution: {integrity: sha512-ywlh43GwZLv2Voc2gQVTKBoVQ1mti3d8HK5aMxsfu/nRDnMmNqaSJ3r3n85HBByT8OpoY96SXM1FogC533T4zw==}
    dependencies:
      '@ethersproject/bytes': 5.7.0
      '@ethersproject/properties': 5.7.0
    dev: false

  /@ethersproject/bignumber/5.7.0:
    resolution: {integrity: sha512-n1CAdIHRWjSucQO3MC1zPSVgV/6dy/fjL9pMrPP9peL+QxEg9wOsVqwD4+818B6LUEtaXzVHQiuivzRoxPxUGw==}
    dependencies:
      '@ethersproject/bytes': 5.7.0
      '@ethersproject/logger': 5.7.0
      bn.js: 5.2.1
    dev: false

  /@ethersproject/bytes/5.7.0:
    resolution: {integrity: sha512-nsbxwgFXWh9NyYWo+U8atvmMsSdKJprTcICAkvbBffT75qDocbuggBU0SJiVK2MuTrp0q+xvLkTnGMPK1+uA9A==}
    dependencies:
      '@ethersproject/logger': 5.7.0
    dev: false

  /@ethersproject/constants/5.7.0:
    resolution: {integrity: sha512-DHI+y5dBNvkpYUMiRQyxRBYBefZkJfo70VUkUAsRjcPs47muV9evftfZ0PJVCXYbAiCgght0DtcF9srFQmIgWA==}
    dependencies:
      '@ethersproject/bignumber': 5.7.0
    dev: false

  /@ethersproject/hash/5.7.0:
    resolution: {integrity: sha512-qX5WrQfnah1EFnO5zJv1v46a8HW0+E5xuBBDTwMFZLuVTx0tbU2kkx15NqdjxecrLGatQN9FGQKpb1FKdHCt+g==}
    dependencies:
      '@ethersproject/abstract-signer': 5.7.0
      '@ethersproject/address': 5.7.0
      '@ethersproject/base64': 5.7.0
      '@ethersproject/bignumber': 5.7.0
      '@ethersproject/bytes': 5.7.0
      '@ethersproject/keccak256': 5.7.0
      '@ethersproject/logger': 5.7.0
      '@ethersproject/properties': 5.7.0
      '@ethersproject/strings': 5.7.0
    dev: false

  /@ethersproject/hdnode/5.7.0:
    resolution: {integrity: sha512-OmyYo9EENBPPf4ERhR7oj6uAtUAhYGqOnIS+jE5pTXvdKBS99ikzq1E7Iv0ZQZ5V36Lqx1qZLeak0Ra16qpeOg==}
    dependencies:
      '@ethersproject/abstract-signer': 5.7.0
      '@ethersproject/basex': 5.7.0
      '@ethersproject/bignumber': 5.7.0
      '@ethersproject/bytes': 5.7.0
      '@ethersproject/logger': 5.7.0
      '@ethersproject/pbkdf2': 5.7.0
      '@ethersproject/properties': 5.7.0
      '@ethersproject/sha2': 5.7.0
      '@ethersproject/signing-key': 5.7.0
      '@ethersproject/strings': 5.7.0
      '@ethersproject/transactions': 5.7.0
      '@ethersproject/wordlists': 5.7.0
    dev: false

  /@ethersproject/json-wallets/5.7.0:
    resolution: {integrity: sha512-8oee5Xgu6+RKgJTkvEMl2wDgSPSAQ9MB/3JYjFV9jlKvcYHUXZC+cQp0njgmxdHkYWn8s6/IqIZYm0YWCjO/0g==}
    dependencies:
      '@ethersproject/abstract-signer': 5.7.0
      '@ethersproject/address': 5.7.0
      '@ethersproject/bytes': 5.7.0
      '@ethersproject/hdnode': 5.7.0
      '@ethersproject/keccak256': 5.7.0
      '@ethersproject/logger': 5.7.0
      '@ethersproject/pbkdf2': 5.7.0
      '@ethersproject/properties': 5.7.0
      '@ethersproject/random': 5.7.0
      '@ethersproject/strings': 5.7.0
      '@ethersproject/transactions': 5.7.0
      aes-js: 3.0.0
      scrypt-js: 3.0.1
    dev: false

  /@ethersproject/keccak256/5.7.0:
    resolution: {integrity: sha512-2UcPboeL/iW+pSg6vZ6ydF8tCnv3Iu/8tUmLLzWWGzxWKFFqOBQFLo6uLUv6BDrLgCDfN28RJ/wtByx+jZ4KBg==}
    dependencies:
      '@ethersproject/bytes': 5.7.0
      js-sha3: 0.8.0
    dev: false

  /@ethersproject/logger/5.7.0:
    resolution: {integrity: sha512-0odtFdXu/XHtjQXJYA3u9G0G8btm0ND5Cu8M7i5vhEcE8/HmF4Lbdqanwyv4uQTr2tx6b7fQRmgLrsnpQlmnig==}
    dev: false

  /@ethersproject/networks/5.7.1:
    resolution: {integrity: sha512-n/MufjFYv3yFcUyfhnXotyDlNdFb7onmkSy8aQERi2PjNcnWQ66xXxa3XlS8nCcA8aJKJjIIMNJTC7tu80GwpQ==}
    dependencies:
      '@ethersproject/logger': 5.7.0
    dev: false

  /@ethersproject/pbkdf2/5.7.0:
    resolution: {integrity: sha512-oR/dBRZR6GTyaofd86DehG72hY6NpAjhabkhxgr3X2FpJtJuodEl2auADWBZfhDHgVCbu3/H/Ocq2uC6dpNjjw==}
    dependencies:
      '@ethersproject/bytes': 5.7.0
      '@ethersproject/sha2': 5.7.0
    dev: false

  /@ethersproject/properties/5.7.0:
    resolution: {integrity: sha512-J87jy8suntrAkIZtecpxEPxY//szqr1mlBaYlQ0r4RCaiD2hjheqF9s1LVE8vVuJCXisjIP+JgtK/Do54ej4Sw==}
    dependencies:
      '@ethersproject/logger': 5.7.0
    dev: false

  /@ethersproject/random/5.7.0:
    resolution: {integrity: sha512-19WjScqRA8IIeWclFme75VMXSBvi4e6InrUNuaR4s5pTF2qNhcGdCUwdxUVGtDDqC00sDLCO93jPQoDUH4HVmQ==}
    dependencies:
      '@ethersproject/bytes': 5.7.0
      '@ethersproject/logger': 5.7.0
    dev: false

  /@ethersproject/rlp/5.7.0:
    resolution: {integrity: sha512-rBxzX2vK8mVF7b0Tol44t5Tb8gomOHkj5guL+HhzQ1yBh/ydjGnpw6at+X6Iw0Kp3OzzzkcKp8N9r0W4kYSs9w==}
    dependencies:
      '@ethersproject/bytes': 5.7.0
      '@ethersproject/logger': 5.7.0
    dev: false

  /@ethersproject/sha2/5.7.0:
    resolution: {integrity: sha512-gKlH42riwb3KYp0reLsFTokByAKoJdgFCwI+CCiX/k+Jm2mbNs6oOaCjYQSlI1+XBVejwH2KrmCbMAT/GnRDQw==}
    dependencies:
      '@ethersproject/bytes': 5.7.0
      '@ethersproject/logger': 5.7.0
      hash.js: 1.1.7
    dev: false

  /@ethersproject/signing-key/5.7.0:
    resolution: {integrity: sha512-MZdy2nL3wO0u7gkB4nA/pEf8lu1TlFswPNmy8AiYkfKTdO6eXBJyUdmHO/ehm/htHw9K/qF8ujnTyUAD+Ry54Q==}
    dependencies:
      '@ethersproject/bytes': 5.7.0
      '@ethersproject/logger': 5.7.0
      '@ethersproject/properties': 5.7.0
      bn.js: 5.2.1
      elliptic: 6.5.4
      hash.js: 1.1.7
    dev: false

  /@ethersproject/strings/5.7.0:
    resolution: {integrity: sha512-/9nu+lj0YswRNSH0NXYqrh8775XNyEdUQAuf3f+SmOrnVewcJ5SBNAjF7lpgehKi4abvNNXyf+HX86czCdJ8Mg==}
    dependencies:
      '@ethersproject/bytes': 5.7.0
      '@ethersproject/constants': 5.7.0
      '@ethersproject/logger': 5.7.0
    dev: false

  /@ethersproject/transactions/5.7.0:
    resolution: {integrity: sha512-kmcNicCp1lp8qanMTC3RIikGgoJ80ztTyvtsFvCYpSCfkjhD0jZ2LOrnbcuxuToLIUYYf+4XwD1rP+B/erDIhQ==}
    dependencies:
      '@ethersproject/address': 5.7.0
      '@ethersproject/bignumber': 5.7.0
      '@ethersproject/bytes': 5.7.0
      '@ethersproject/constants': 5.7.0
      '@ethersproject/keccak256': 5.7.0
      '@ethersproject/logger': 5.7.0
      '@ethersproject/properties': 5.7.0
      '@ethersproject/rlp': 5.7.0
      '@ethersproject/signing-key': 5.7.0
    dev: false

  /@ethersproject/wallet/5.7.0:
    resolution: {integrity: sha512-MhmXlJXEJFBFVKrDLB4ZdDzxcBxQ3rLyCkhNqVu3CDYvR97E+8r01UgrI+TI99Le+aYm/in/0vp86guJuM7FCA==}
    dependencies:
      '@ethersproject/abstract-provider': 5.7.0
      '@ethersproject/abstract-signer': 5.7.0
      '@ethersproject/address': 5.7.0
      '@ethersproject/bignumber': 5.7.0
      '@ethersproject/bytes': 5.7.0
      '@ethersproject/hash': 5.7.0
      '@ethersproject/hdnode': 5.7.0
      '@ethersproject/json-wallets': 5.7.0
      '@ethersproject/keccak256': 5.7.0
      '@ethersproject/logger': 5.7.0
      '@ethersproject/properties': 5.7.0
      '@ethersproject/random': 5.7.0
      '@ethersproject/signing-key': 5.7.0
      '@ethersproject/transactions': 5.7.0
      '@ethersproject/wordlists': 5.7.0
    dev: false

  /@ethersproject/web/5.7.1:
    resolution: {integrity: sha512-Gueu8lSvyjBWL4cYsWsjh6MtMwM0+H4HvqFPZfB6dV8ctbP9zFAO73VG1cMWae0FLPCtz0peKPpZY8/ugJJX2w==}
    dependencies:
      '@ethersproject/base64': 5.7.0
      '@ethersproject/bytes': 5.7.0
      '@ethersproject/logger': 5.7.0
      '@ethersproject/properties': 5.7.0
      '@ethersproject/strings': 5.7.0
    dev: false

  /@ethersproject/wordlists/5.7.0:
    resolution: {integrity: sha512-S2TFNJNfHWVHNE6cNDjbVlZ6MgE17MIxMbMg2zv3wn+3XSJGosL1m9ZVv3GXCf/2ymSsQ+hRI5IzoMJTG6aoVA==}
    dependencies:
      '@ethersproject/bytes': 5.7.0
      '@ethersproject/hash': 5.7.0
      '@ethersproject/logger': 5.7.0
      '@ethersproject/properties': 5.7.0
      '@ethersproject/strings': 5.7.0
    dev: false

  /@ipld/dag-cbor/7.0.3:
    resolution: {integrity: sha512-1VVh2huHsuohdXC1bGJNE8WR72slZ9XE2T3wbBBq31dm7ZBatmKLLxrB+XAqafxfRFjv08RZmj/W/ZqaM13AuA==}
    dependencies:
      cborg: 1.10.0
      multiformats: 9.9.0
    dev: false

  /@multiformats/base-x/4.0.1:
    resolution: {integrity: sha512-eMk0b9ReBbV23xXU693TAIrLyeO5iTgBZGSJfpqriG8UkYvr/hC9u9pyMlAakDNHWmbhMZCDs6KQO0jzKD8OTw==}
    dev: false

  /@stablelib/aead/1.0.1:
    resolution: {integrity: sha512-q39ik6sxGHewqtO0nP4BuSe3db5G1fEJE8ukvngS2gLkBXyy6E7pLubhbYgnkDFv6V8cWaxcE4Xn0t6LWcJkyg==}
    dev: false

  /@stablelib/binary/1.0.1:
    resolution: {integrity: sha512-ClJWvmL6UBM/wjkvv/7m5VP3GMr9t0osr4yVgLZsLCOz4hGN9gIAFEqnJ0TsSMAN+n840nf2cHZnA5/KFqHC7Q==}
    dependencies:
      '@stablelib/int': 1.0.1
    dev: false

  /@stablelib/blake2b/1.0.1:
    resolution: {integrity: sha512-B3KyKoBAjkIFeH7romcF96i+pVFYk7K2SBQ1pZvaxV+epSBXJ+n0C66esUhyz6FF+5FbdQVm77C5fzGFcEZpKA==}
    dependencies:
      '@stablelib/binary': 1.0.1
      '@stablelib/hash': 1.0.1
      '@stablelib/wipe': 1.0.1
    dev: false

  /@stablelib/bytes/1.0.1:
    resolution: {integrity: sha512-Kre4Y4kdwuqL8BR2E9hV/R5sOrUj6NanZaZis0V6lX5yzqC3hBuVSDXUIBqQv/sCpmuWRiHLwqiT1pqqjuBXoQ==}
    dev: false

  /@stablelib/chacha/1.0.1:
    resolution: {integrity: sha512-Pmlrswzr0pBzDofdFuVe1q7KdsHKhhU24e8gkEwnTGOmlC7PADzLVxGdn2PoNVBBabdg0l/IfLKg6sHAbTQugg==}
    dependencies:
      '@stablelib/binary': 1.0.1
      '@stablelib/wipe': 1.0.1
    dev: false

  /@stablelib/chacha20poly1305/1.0.1:
    resolution: {integrity: sha512-MmViqnqHd1ymwjOQfghRKw2R/jMIGT3wySN7cthjXCBdO+qErNPUBnRzqNpnvIwg7JBCg3LdeCZZO4de/yEhVA==}
    dependencies:
      '@stablelib/aead': 1.0.1
      '@stablelib/binary': 1.0.1
      '@stablelib/chacha': 1.0.1
      '@stablelib/constant-time': 1.0.1
      '@stablelib/poly1305': 1.0.1
      '@stablelib/wipe': 1.0.1
    dev: false

  /@stablelib/constant-time/1.0.1:
    resolution: {integrity: sha512-tNOs3uD0vSJcK6z1fvef4Y+buN7DXhzHDPqRLSXUel1UfqMB1PWNsnnAezrKfEwTLpN0cGH2p9NNjs6IqeD0eg==}
    dev: false

  /@stablelib/ed25519/1.0.3:
    resolution: {integrity: sha512-puIMWaX9QlRsbhxfDc5i+mNPMY+0TmQEskunY1rZEBPi1acBCVQAhnsk/1Hk50DGPtVsZtAWQg4NHGlVaO9Hqg==}
    dependencies:
      '@stablelib/random': 1.0.2
      '@stablelib/sha512': 1.0.1
      '@stablelib/wipe': 1.0.1
    dev: false

  /@stablelib/hash/1.0.1:
    resolution: {integrity: sha512-eTPJc/stDkdtOcrNMZ6mcMK1e6yBbqRBaNW55XA1jU8w/7QdnCF0CmMmOD1m7VSkBR44PWrMHU2l6r8YEQHMgg==}
    dev: false

  /@stablelib/int/1.0.1:
    resolution: {integrity: sha512-byr69X/sDtDiIjIV6m4roLVWnNNlRGzsvxw+agj8CIEazqWGOQp2dTYgQhtyVXV9wpO6WyXRQUzLV/JRNumT2w==}
    dev: false

  /@stablelib/keyagreement/1.0.1:
    resolution: {integrity: sha512-VKL6xBwgJnI6l1jKrBAfn265cspaWBPAPEc62VBQrWHLqVgNRE09gQ/AnOEyKUWrrqfD+xSQ3u42gJjLDdMDQg==}
    dependencies:
      '@stablelib/bytes': 1.0.1
    dev: false

  /@stablelib/poly1305/1.0.1:
    resolution: {integrity: sha512-1HlG3oTSuQDOhSnLwJRKeTRSAdFNVB/1djy2ZbS35rBSJ/PFqx9cf9qatinWghC2UbfOYD8AcrtbUQl8WoxabA==}
    dependencies:
      '@stablelib/constant-time': 1.0.1
      '@stablelib/wipe': 1.0.1
    dev: false

  /@stablelib/random/1.0.2:
    resolution: {integrity: sha512-rIsE83Xpb7clHPVRlBj8qNe5L8ISQOzjghYQm/dZ7VaM2KHYwMW5adjQjrzTZCchFnNCNhkwtnOBa9HTMJCI8w==}
    dependencies:
      '@stablelib/binary': 1.0.1
      '@stablelib/wipe': 1.0.1
    dev: false

  /@stablelib/sha256/1.0.1:
    resolution: {integrity: sha512-GIIH3e6KH+91FqGV42Kcj71Uefd/QEe7Dy42sBTeqppXV95ggCcxLTk39bEr+lZfJmp+ghsR07J++ORkRELsBQ==}
    dependencies:
      '@stablelib/binary': 1.0.1
      '@stablelib/hash': 1.0.1
      '@stablelib/wipe': 1.0.1
    dev: false

  /@stablelib/sha512/1.0.1:
    resolution: {integrity: sha512-13gl/iawHV9zvDKciLo1fQ8Bgn2Pvf7OV6amaRVKiq3pjQ3UmEpXxWiAfV8tYjUpeZroBxtyrwtdooQT/i3hzw==}
    dependencies:
      '@stablelib/binary': 1.0.1
      '@stablelib/hash': 1.0.1
      '@stablelib/wipe': 1.0.1
    dev: false

  /@stablelib/wipe/1.0.1:
    resolution: {integrity: sha512-WfqfX/eXGiAd3RJe4VU2snh/ZPwtSjLG4ynQ/vYzvghTh7dHFcI1wl+nrkWG6lGhukOxOsUHfv8dUXr58D0ayg==}
    dev: false

  /@stablelib/x25519/1.0.3:
    resolution: {integrity: sha512-KnTbKmUhPhHavzobclVJQG5kuivH+qDLpe84iRqX3CLrKp881cF160JvXJ+hjn1aMyCwYOKeIZefIH/P5cJoRw==}
    dependencies:
      '@stablelib/keyagreement': 1.0.1
      '@stablelib/random': 1.0.2
      '@stablelib/wipe': 1.0.1
    dev: false

  /@stablelib/xchacha20/1.0.1:
    resolution: {integrity: sha512-1YkiZnFF4veUwBVhDnDYwo6EHeKzQK4FnLiO7ezCl/zu64uG0bCCAUROJaBkaLH+5BEsO3W7BTXTguMbSLlWSw==}
    dependencies:
      '@stablelib/binary': 1.0.1
      '@stablelib/chacha': 1.0.1
      '@stablelib/wipe': 1.0.1
    dev: false

  /@stablelib/xchacha20poly1305/1.0.1:
    resolution: {integrity: sha512-B1Abj0sMJ8h3HNmGnJ7vHBrAvxuNka6cJJoZ1ILN7iuacXp7sUYcgOVEOTLWj+rtQMpspY9tXSCRLPmN1mQNWg==}
    dependencies:
      '@stablelib/aead': 1.0.1
      '@stablelib/chacha20poly1305': 1.0.1
      '@stablelib/constant-time': 1.0.1
      '@stablelib/wipe': 1.0.1
      '@stablelib/xchacha20': 1.0.1
    dev: false

  /@taquito/utils/14.2.0:
    resolution: {integrity: sha512-nuqYdkiRPrca2/ztSPokuhvizlOqCzNHM/fX3mIXl8TWO4JiGr0hhPKeJ1Vk9NCG/Qd1A3iQqNP5PQlDAhe/mw==}
    engines: {node: '>=6.0.0'}
    dependencies:
      '@stablelib/blake2b': 1.0.1
      '@stablelib/ed25519': 1.0.3
      '@types/bs58check': 2.1.0
      bignumber.js: 9.1.1
      blakejs: 1.2.1
      bs58check: 2.1.2
      buffer: 6.0.3
      elliptic: 6.5.4
      typedarray-to-buffer: 4.0.0
    dev: false

  /@types/bs58check/2.1.0:
    resolution: {integrity: sha512-OxsysnJQh82vy9DRbOcw9m2j/WiyqZLn0YBhKxdQ+aCwoHj+tWzyCgpwAkr79IfDXZKxc6h7k89T9pwS78CqTQ==}
    dependencies:
      '@types/node': 18.11.18
    dev: false

  /@types/node/18.11.18:
    resolution: {integrity: sha512-DHQpWGjyQKSHj3ebjFI/wRKcqQcdR+MoFBygntYOZytCqNfkd2ZC4ARDJ2DQqhjH5p85Nnd3jhUJIXrszFX/JA==}
    dev: false

  /aes-js/3.0.0:
    resolution: {integrity: sha512-H7wUZRn8WpTq9jocdxQ2c8x2sKo9ZVmzfRE13GiNJXfp7NcKYEdvl3vspKjXox6RIG2VtaRe4JFvxG4rqp2Zuw==}
    dev: false

  /apg-js/4.1.3:
    resolution: {integrity: sha512-XYyDcoBho8OpnWPRnedMwyL+76ovCtsESerHZEfY39dO4IrEqN97mdEYkOyHa0XTX5+3+U5FmpqPLttK0f7n6g==}
    dev: false

  /base-x/3.0.9:
    resolution: {integrity: sha512-H7JU6iBHTal1gp56aKoaa//YUxEaAOUiydvrV/pILqIHXTtqxSkATOnDA2u+jZ/61sD+L/412+7kzXRtWukhpQ==}
    dependencies:
      safe-buffer: 5.2.1
    dev: false

  /base64-js/1.5.1:
    resolution: {integrity: sha512-AKpaYlHn8t4SVbOHCy+b5+KKgvR4vrsD8vbvrbiQJps7fKDTkjkDry6ji0rUJjC0kzbNePLwzxq8iypo41qeWA==}
    dev: false

  /bech32/2.0.0:
    resolution: {integrity: sha512-LcknSilhIGatDAsY1ak2I8VtGaHNhgMSYVxFrGLXv+xLHytaKZKcaUJJUE7qmBr7h33o5YQwP55pMI0xmkpJwg==}
    dev: false

  /bigint-mod-arith/3.1.2:
    resolution: {integrity: sha512-nx8J8bBeiRR+NlsROFH9jHswW5HO8mgfOSqW0AmjicMMvaONDa8AO+5ViKDUUNytBPWiwfvZP4/Bj4Y3lUfvgQ==}
    engines: {node: '>=10.4.0'}
    dev: false

  /bignumber.js/9.1.1:
    resolution: {integrity: sha512-pHm4LsMJ6lzgNGVfZHjMoO8sdoRhOzOH4MLmY65Jg70bpxCKu5iOHNJyfF6OyvYw7t8Fpf35RuzUyqnQsj8Vig==}
    dev: false

  /blakejs/1.2.1:
    resolution: {integrity: sha512-QXUSXI3QVc/gJME0dBpXrag1kbzOqCjCX8/b54ntNyW6sjtoqxqRk3LTmXzaJoh71zMsDCjM+47jS7XiwN/+fQ==}
    dev: false

  /bn.js/4.12.0:
    resolution: {integrity: sha512-c98Bf3tPniI+scsdk237ku1Dc3ujXQTSgyiPUDEOe7tRkhrqridvh8klBv0HCEso1OLOYcHuCv/cS6DNxKH+ZA==}
    dev: false

  /bn.js/5.2.1:
    resolution: {integrity: sha512-eXRvHzWyYPBuB4NBy0cmYQjGitUrtqwbvlzP3G6VFnNRbsZQIxQ10PbKKHt8gZ/HW/D/747aDl+QkDqg3KQLMQ==}
    dev: false

  /brorand/1.1.0:
    resolution: {integrity: sha512-cKV8tMCEpQs4hK/ik71d6LrPOnpkpGBR0wzxqr68g2m/LB2GxVYQroAjMJZRVM1Y4BCjCKc3vAamxSzOY2RP+w==}
    dev: false

  /bs58/4.0.1:
    resolution: {integrity: sha512-Ok3Wdf5vOIlBrgCvTq96gBkJw+JUEzdBgyaza5HLtPm7yTHkjRy8+JzNyHF7BHa0bNWOQIp3m5YF0nnFcOIKLw==}
    dependencies:
      base-x: 3.0.9
    dev: false

  /bs58check/2.1.2:
    resolution: {integrity: sha512-0TS1jicxdU09dwJMNZtVAfzPi6Q6QeN0pM1Fkzrjn+XYHvzMKPU3pHVpva+769iNVSfIYWf7LJ6WR+BuuMf8cA==}
    dependencies:
      bs58: 4.0.1
      create-hash: 1.2.0
      safe-buffer: 5.2.1
    dev: false

  /buffer/6.0.3:
    resolution: {integrity: sha512-FTiCpNxtwiZZHEZbcbTIcZjERVICn9yq/pDFkTl95/AxzD1naBctN7YO68riM/gLSDY7sdrMby8hofADYuuqOA==}
    dependencies:
      base64-js: 1.5.1
      ieee754: 1.2.1
    dev: false

  /caip/1.1.0:
    resolution: {integrity: sha512-yOO3Fu4ygyKYAdznuoaqschMKIZzcdgyMpBNtrIfrUhnOeaOWG+dh0c13wcOS6B/46IGGbncoyzJlio79jU7rw==}
    dev: false

  /canonicalize/1.0.8:
    resolution: {integrity: sha512-0CNTVCLZggSh7bc5VkX5WWPWO+cyZbNd07IHIsSXLia/eAq+r836hgk+8BKoEh7949Mda87VUOitx5OddVj64A==}
    dev: false

  /cborg/1.10.0:
    resolution: {integrity: sha512-/eM0JCaL99HDHxjySNQJLaolZFVdl6VA0/hEKIoiQPcQzE5LrG5QHdml0HaBt31brgB9dNe1zMr3f8IVrpotRQ==}
    hasBin: true
    dev: false

  /cipher-base/1.0.4:
    resolution: {integrity: sha512-Kkht5ye6ZGmwv40uUDZztayT2ThLQGfnj/T71N/XzeZeo3nf8foyW7zGTsPYkEya3m5f3cAypH+qe7YOrM1U2Q==}
    dependencies:
      inherits: 2.0.4
      safe-buffer: 5.2.1
    dev: false

  /colors/1.3.0:
    resolution: {integrity: sha512-EDpX3a7wHMWFA7PUHWPHNWqOxIIRSJetuwl0AS5Oi/5FMV8kWm69RTlgm00GKjBO1xFHMtBbL49yRtMMdticBw==}
    engines: {node: '>=0.1.90'}
    dev: false

  /create-hash/1.2.0:
    resolution: {integrity: sha512-z00bCGNHDG8mHAkP7CtT1qVu+bFQUPjYq/4Iv3C3kWjTFV10zIjfSoeqXo9Asws8gwSHDGj/hl2u4OGIjapeCg==}
    dependencies:
      cipher-base: 1.0.4
      inherits: 2.0.4
      md5.js: 1.3.5
      ripemd160: 2.0.2
      sha.js: 2.4.11
    dev: false

  /cross-fetch/3.1.5:
    resolution: {integrity: sha512-lvb1SBsI0Z7GDwmuid+mU3kWVBwTVUbe7S0H52yaaAdQOXq2YktTCZdlAcNKFzE6QtRz0snpw9bNiPeOIkkQvw==}
    dependencies:
      node-fetch: 2.6.7
    transitivePeerDependencies:
      - encoding
    dev: false

  /dag-jose-utils/2.0.0:
    resolution: {integrity: sha512-vE6EyhjSh+dfr8hbs/gLk0v98h2ekjy6r6pXvmB4SvO6awalt95LEetG0QDh5rmMYE3FO8ynp3xrCYsAHHZOlg==}
    dependencies:
      '@ipld/dag-cbor': 7.0.3
      multiformats: 9.9.0
    dev: false

  /dataloader/2.1.0:
    resolution: {integrity: sha512-qTcEYLen3r7ojZNgVUaRggOI+KM7jrKxXeSHhogh/TWxYMeONEMqY+hmkobiYQozsGIyg9OYVzO4ZIfoB4I0pQ==}
    dev: false

  /decode-uri-component/0.2.2:
    resolution: {integrity: sha512-FqUYQ+8o158GyGTrMFJms9qh3CqTKvAqgqsTnkLI8sKu0028orqBhxNMFkFen0zGyg6epACD32pjVk58ngIErQ==}
    engines: {node: '>=0.10'}
    dev: false

  /did-jwt/6.11.0:
    resolution: {integrity: sha512-/qyYzo8v/xjwyt5x3tbknjQ2L15J1JzB+0cQK5/2SgnoOoclOmtEgZoRaxG1B73VMOgyZQYLBytRT4COUVhcpw==}
    dependencies:
      '@stablelib/ed25519': 1.0.3
      '@stablelib/random': 1.0.2
      '@stablelib/sha256': 1.0.1
      '@stablelib/x25519': 1.0.3
      '@stablelib/xchacha20poly1305': 1.0.1
      bech32: 2.0.0
      canonicalize: 1.0.8
      did-resolver: 4.0.1
      elliptic: 6.5.4
      js-sha3: 0.8.0
      multiformats: 9.9.0
      uint8arrays: 3.1.1
    dev: false

  /did-resolver/3.2.2:
    resolution: {integrity: sha512-Eeo2F524VM5N3W4GwglZrnul2y6TLTwMQP3In62JdG34NZoqihYyOZLk+5wUW8sSgvIYIcJM8Dlt3xsdKZZ3tg==}
    dev: false

  /did-resolver/4.0.1:
    resolution: {integrity: sha512-eHs2VLKhcANmh08S87PKvOauIAmSOd7nb7AlhNxcvOyDAIGQY1UfbiqI1VOW5IDKvOO6aEWY+5edOt1qrCp1Eg==}
    dev: false

  /did-session/1.0.0:
    resolution: {integrity: sha512-hLKlfPGoEp9T6malsuNyF1bCrU0AcECZJ1SP2lvbHiic7ko2PdiZPmmVipVId+ZqmshU4AlLLEozZc9Iu1X1UA==}
    engines: {node: '>=14.14'}
    dependencies:
      '@ceramicnetwork/stream-tile': 2.14.0
      '@stablelib/random': 1.0.2
      dids: 3.4.0
      key-did-provider-ed25519: 2.0.1
      key-did-resolver: 2.3.0
      uint8arrays: 3.1.1
    transitivePeerDependencies:
      - encoding
    dev: false

  /dids/3.4.0:
    resolution: {integrity: sha512-hXHkOTL9E5R4rbQwDVOktiiEq57Y6yWOEYjev1ojOpMr2Rkx9g8bw0v6BQIsbPB94aaYxUCtaejNl2FrublfiA==}
    engines: {node: '>=14.14'}
    dependencies:
      '@didtools/cacao': 1.1.0
      '@didtools/pkh-ethereum': 0.0.1
      '@stablelib/random': 1.0.2
      dag-jose-utils: 2.0.0
      did-jwt: 6.11.0
      did-resolver: 3.2.2
      multiformats: 9.9.0
      rpc-utils: 0.6.2
      uint8arrays: 3.1.1
    dev: false

  /elliptic/6.5.4:
    resolution: {integrity: sha512-iLhC6ULemrljPZb+QutR5TQGB+pdW6KGD5RSegS+8sorOZT+rdQFbsQFJgvN3eRqNALqJer4oQ16YvJHlU8hzQ==}
    dependencies:
      bn.js: 4.12.0
      brorand: 1.1.0
      hash.js: 1.1.7
      hmac-drbg: 1.0.1
      inherits: 2.0.4
      minimalistic-assert: 1.0.1
      minimalistic-crypto-utils: 1.0.1
    dev: false

  /fast-json-patch/3.1.1:
    resolution: {integrity: sha512-vf6IHUX2SBcA+5/+4883dsIjpBTqmfBjmYiWK1savxQmFk4JfBMLa7ynTYOs1Rolp/T1betJxHiGD3g1Mn8lUQ==}
    dev: false

  /fast-json-stable-stringify/2.1.0:
    resolution: {integrity: sha512-lhd/wF+Lk98HZoTCtlVraHtfh5XYijIjalXck7saUtuanSDyLMxnHhSXEDJqHxD7msR8D0uCmqlkwjCV8xvwHw==}
    dev: false

  /filter-obj/1.1.0:
    resolution: {integrity: sha512-8rXg1ZnX7xzy2NGDVkBVaAy+lSlPNwad13BtgSlLuxfIslyt5Vg64U7tFcCt4WS1R0hvtnQybT/IyCkGZ3DpXQ==}
    engines: {node: '>=0.10.0'}
    dev: false

  /flat/5.0.2:
    resolution: {integrity: sha512-b6suED+5/3rTpUBdG1gupIl8MPFCAMA0QXwmljLhvCUKcUvdE4gWky9zpuGCcXHOsz4J9wPGNWq6OKpmIzz3hQ==}
    hasBin: true
    dev: false

  /graphql-relay/0.10.0_graphql@16.6.0:
    resolution: {integrity: sha512-44yBuw2/DLNEiMypbNZBt1yMDbBmyVPVesPywnteGGALiBmdyy1JP8jSg8ClLePg8ZZxk0O4BLhd1a6U/1jDOQ==}
    engines: {node: ^12.20.0 || ^14.15.0 || >= 15.9.0}
    peerDependencies:
      graphql: ^16.2.0
    dependencies:
      graphql: 16.6.0
    dev: false

  /graphql-scalars/1.20.1_graphql@16.6.0:
    resolution: {integrity: sha512-HCSosMh8l/DVYL3/wCesnZOb+gbiaO/XlZQEIKOkWDJUGBrc15xWAs5TCQVmrycT0tbEInii+J8eoOyMwxx8zg==}
    engines: {node: '>=10'}
    peerDependencies:
      graphql: ^0.8.0 || ^0.9.0 || ^0.10.0 || ^0.11.0 || ^0.12.0 || ^0.13.0 || ^14.0.0 || ^15.0.0 || ^16.0.0
    dependencies:
      graphql: 16.6.0
      tslib: 2.4.1
    dev: false

  /graphql/16.6.0:
    resolution: {integrity: sha512-KPIBPDlW7NxrbT/eh4qPXz5FiFdL5UbaA0XUNz2Rp3Z3hqBSkbj0GVjwFDztsWVauZUWsbKHgMg++sk8UX0bkw==}
    engines: {node: ^12.22.0 || ^14.16.0 || ^16.0.0 || >=17.0.0}
    dev: false

  /hash-base/3.1.0:
    resolution: {integrity: sha512-1nmYp/rhMDiE7AYkDw+lLwlAzz0AntGIe51F3RfFfEqyQ3feY2eI/NcwC6umIQVOASPMsWJLJScWKSSvzL9IVA==}
    engines: {node: '>=4'}
    dependencies:
      inherits: 2.0.4
      readable-stream: 3.6.0
      safe-buffer: 5.2.1
    dev: false

  /hash.js/1.1.7:
    resolution: {integrity: sha512-taOaskGt4z4SOANNseOviYDvjEJinIkRgmp7LbKP2YTTmVxWBl87s/uzK9r+44BclBSp2X7K1hqeNfz9JbBeXA==}
    dependencies:
      inherits: 2.0.4
      minimalistic-assert: 1.0.1
    dev: false

  /hmac-drbg/1.0.1:
    resolution: {integrity: sha512-Tti3gMqLdZfhOQY1Mzf/AanLiqh1WTiJgEj26ZuYQ9fbkLomzGchCws4FyrSd4VkpBfiNhaE1On+lOz894jvXg==}
    dependencies:
      hash.js: 1.1.7
      minimalistic-assert: 1.0.1
      minimalistic-crypto-utils: 1.0.1
    dev: false

  /ieee754/1.2.1:
    resolution: {integrity: sha512-dcyqhDvX1C46lXZcVqCpK+FtMRQVdIMN6/Df5js2zouUsqG7I6sFxitIC+7KYK29KdXOLHdu9zL4sFnoVQnqaA==}
    dev: false

  /inherits/2.0.4:
    resolution: {integrity: sha512-k/vGaX4/Yla3WzyMCvTQOXYeIHvqOKtnqBduzTHpzpQZzAskKMhZ2K+EnBiSM9zGSoIFeMpXKxa4dYeZIQqewQ==}
    dev: false

  /it-first/1.0.7:
    resolution: {integrity: sha512-nvJKZoBpZD/6Rtde6FXqwDqDZGF1sCADmr2Zoc0hZsIvnE449gRFnGctxDf09Bzc/FWnHXAdaHVIetY6lrE0/g==}
    dev: false

  /jet-logger/1.2.2:
    resolution: {integrity: sha512-Kbw4G3BC45+Umz5XBnsE50pHplruJTVKGRy5X1YfCu3Te7f8ggTL8Tm10YegAD2QP41MVQ3o/Y9MFAZzfythqw==}
    dependencies:
      colors: 1.3.0
    dev: false

  /js-sha3/0.8.0:
    resolution: {integrity: sha512-gF1cRrHhIzNfToc802P800N8PpXS+evLLXfsVpowqmAFR9uwbi89WvXg2QspOmXL8QL86J4T1EpFu+yUkwJY3Q==}
    dev: false

  /json-schema-typed/8.0.1:
    resolution: {integrity: sha512-XQmWYj2Sm4kn4WeTYvmpKEbyPsL7nBsb647c7pMe6l02/yx2+Jfc4dT6UZkEXnIUb5LhD55r2HPsJ1milQ4rDg==}
    dev: false

  /key-did-provider-ed25519/2.0.1:
    resolution: {integrity: sha512-FaB2g7zUAeN/bLaFl2YSNQx9NsxgDd/3TR1YGvoXLhENsvZBdyA2V7hX8/MZhZ5jm82wL5lRw3O4UXuz/pJANQ==}
    engines: {node: '>=14.14'}
    dependencies:
      '@stablelib/ed25519': 1.0.3
      did-jwt: 6.11.0
      fast-json-stable-stringify: 2.1.0
      rpc-utils: 0.6.2
      uint8arrays: 3.1.1
    dev: false

  /key-did-resolver/2.3.0:
    resolution: {integrity: sha512-q3ChQILPe+u8qkpWP196fEoxsygEyjM3K25qrGaMSolVaUdfgj7qwMz2DE/GRIlfNK2HgKW6KXA8RZMy8aL4MA==}
    dependencies:
      '@stablelib/ed25519': 1.0.3
      bigint-mod-arith: 3.1.2
      multiformats: 9.9.0
      nist-weierstrauss: 1.5.1
      uint8arrays: 3.1.1
      varint: 6.0.0
    dev: false

  /lodash.clonedeep/4.5.0:
    resolution: {integrity: sha512-H5ZhCF25riFd9uB5UCkVKo61m3S/xZk1x4wA6yp/L3RFP6Z/eHH1ymQcGLo7J3GMPfm0V/7m1tryHuGVxpqEBQ==}
    dev: false

  /logfmt/1.3.2:
    resolution: {integrity: sha512-U0lelcaGWEfEITZQXs8y5HrJp2xa0BJ+KDfkkLJRmuKbQIEVGNv145FbaNekY4ZYHJSBBx8NLJitaPtRqLEkxQ==}
    hasBin: true
    dependencies:
      split: 0.2.10
      through: 2.3.8
    dev: false

  /mapmoize/1.2.1:
    resolution: {integrity: sha512-LK8ArSM1wbfRPTnl+LpdxW1pwkfY6GxtM9p+STr6aDtM7ImR8jLuf4ekei43/AN0f7XDSrohzwwK57eGHSDAuA==}
    engines: {node: ^14.0.0 || ^16.0.0 || >=18.0.0}
    dev: false

  /md5.js/1.3.5:
    resolution: {integrity: sha512-xitP+WxNPcTTOgnTJcrhM0xvdPepipPSf3I8EIpGKeFLjt3PlJLIDG3u8EX53ZIubkb+5U2+3rELYpEhHhzdkg==}
    dependencies:
      hash-base: 3.1.0
      inherits: 2.0.4
      safe-buffer: 5.2.1
    dev: false

  /minimalistic-assert/1.0.1:
    resolution: {integrity: sha512-UtJcAD4yEaGtjPezWuO9wC4nwUnVH/8/Im3yEHQP4b67cXlD/Qr9hdITCU1xDbSEXg2XKNaP8jsReV7vQd00/A==}
    dev: false

  /minimalistic-crypto-utils/1.0.1:
    resolution: {integrity: sha512-JIYlbt6g8i5jKfJ3xz7rF0LXmv2TkDxBLUkiBeZ7bAx4GnnNMr8xFpGnOxn6GhTEHx3SjRrZEoU+j04prX1ktg==}
    dev: false

  /multibase/4.0.6:
    resolution: {integrity: sha512-x23pDe5+svdLz/k5JPGCVdfn7Q5mZVMBETiC+ORfO+sor9Sgs0smJzAjfTbM5tckeCqnaUuMYoz+k3RXMmJClQ==}
    engines: {node: '>=12.0.0', npm: '>=6.0.0'}
    deprecated: This module has been superseded by the multiformats module
    dependencies:
      '@multiformats/base-x': 4.0.1
    dev: false

  /multiformats/11.0.1:
    resolution: {integrity: sha512-atWruyH34YiknSdL5yeIir00EDlJRpHzELYQxG7Iy29eCyL+VrZHpPrX5yqlik3jnuqpLpRKVZ0SGVb9UzKaSA==}
    engines: {node: '>=16.0.0', npm: '>=7.0.0'}
    dev: false

  /multiformats/9.9.0:
    resolution: {integrity: sha512-HoMUjhH9T8DDBNT+6xzkrd9ga/XiBI4xLr58LJACwK6G3HTOPeMz4nB4KJs33L2BelrIJa7P0VuNaVF3hMYfjg==}
    dev: false

  /multihashes/4.0.3:
    resolution: {integrity: sha512-0AhMH7Iu95XjDLxIeuCOOE4t9+vQZsACyKZ9Fxw2pcsRmlX4iCn1mby0hS0bb+nQOVpdQYWPpnyusw4da5RPhA==}
    engines: {node: '>=12.0.0', npm: '>=6.0.0'}
    dependencies:
      multibase: 4.0.6
      uint8arrays: 3.1.1
      varint: 5.0.2
    dev: false

  /nanoid/3.3.4:
    resolution: {integrity: sha512-MqBkQh/OHTS2egovRtLk45wEyNXwF+cokD+1YPf9u5VfJiRdAiRwB2froX5Co9Rh20xs4siNPm8naNotSD6RBw==}
    engines: {node: ^10 || ^12 || ^13.7 || ^14 || >=15.0.1}
    hasBin: true
    dev: false

  /nist-weierstrauss/1.5.1:
    resolution: {integrity: sha512-TtfkjxfCPYWljG4zSQgHVnzpwNj5pTlIKSxyPlXpsRpA9B8PJchKoIDe7ZIvfzPwZTzawhhGAqngFrM+7Elf0g==}
    engines: {node: '>=14.06'}
    dependencies:
      multiformats: 9.9.0
      uint8arrays: 2.1.10
    dev: false

  /node-fetch/2.6.7:
    resolution: {integrity: sha512-ZjMPFEfVx5j+y2yF35Kzx5sF7kDzxuDj6ziH4FFbOp87zKDZNx8yExJIb05OGF4Nlt9IHFIMBkRl41VdvcNdbQ==}
    engines: {node: 4.x || >=6.0.0}
    peerDependencies:
      encoding: ^0.1.0
    peerDependenciesMeta:
      encoding:
        optional: true
    dependencies:
      whatwg-url: 5.0.0
    dev: false

  /nounsdata/0.0.6:
    resolution: {integrity: sha512-XJsxkTyrxQxg5+lg+Tvn42fvBQOIKG09+cg3ewz34fbqg67rru6zR5cdLhP4zsjP1l4/iTV7TrAmpDt+oCQDIA==}
    dependencies:
      '@ceramicnetwork/http-client': 2.15.0
      '@composedb/client': 0.3.1
      '@composedb/types': 0.3.1
      did-session: 1.0.0
      dids: 3.4.0
      graphql: 16.6.0
      key-did-provider-ed25519: 2.0.1
      key-did-resolver: 2.3.0
      uint8arrays: 4.0.3
    transitivePeerDependencies:
      - encoding
    dev: false

  /query-string/7.1.3:
    resolution: {integrity: sha512-hh2WYhq4fi8+b+/2Kg9CEge4fDPvHS534aOOvOZeQ3+Vf2mCFsaFBYj0i+iXcAq6I9Vzp5fjMFBlONvayDC1qg==}
    engines: {node: '>=6'}
    dependencies:
      decode-uri-component: 0.2.2
      filter-obj: 1.1.0
      split-on-first: 1.1.0
      strict-uri-encode: 2.0.0
    dev: false

  /readable-stream/3.6.0:
    resolution: {integrity: sha512-BViHy7LKeTz4oNnkcLJ+lVSL6vpiFeX6/d3oSH8zCW7UxP2onchk+vTGB143xuFjHS3deTgkKoXXymXqymiIdA==}
    engines: {node: '>= 6'}
    dependencies:
      inherits: 2.0.4
      string_decoder: 1.3.0
      util-deprecate: 1.0.2
    dev: false

  /ripemd160/2.0.2:
    resolution: {integrity: sha512-ii4iagi25WusVoiC4B4lq7pbXfAp3D9v5CwfkY33vffw2+pkDjY1D8GaN7spsxvCSx8dkPqOZCEZyfxcmJG2IA==}
    dependencies:
      hash-base: 3.1.0
      inherits: 2.0.4
    dev: false

  /rpc-utils/0.6.2:
    resolution: {integrity: sha512-kzk1OflbBckfDBAo8JwsmtQSHzj+6hxRt5G+u8A8ZSmunBw1nhWvRkSq8j1+EvWBqBRLy1aiGLUW5644CZqQtA==}
    engines: {node: '>=14.14'}
    dependencies:
      nanoid: 3.3.4
    dev: false

  /rxjs/7.8.0:
    resolution: {integrity: sha512-F2+gxDshqmIub1KdvZkaEfGDwLNpPvk9Fs6LD/MyQxNgMds/WH9OdDDXOmxUZpME+iSK3rQCctkL0DYyytUqMg==}
    dependencies:
      tslib: 2.5.0
    dev: false

  /safe-buffer/5.2.1:
    resolution: {integrity: sha512-rp3So07KcdmmKbGvgaNxQSJr7bGVSVk5S9Eq1F+ppbRo70+YeaDxkw5Dd8NPN+GD6bjnYm2VuPuCXmpuYvmCXQ==}
    dev: false

  /scrypt-js/3.0.1:
    resolution: {integrity: sha512-cdwTTnqPu0Hyvf5in5asVdZocVDTNRmR7XEcJuIzMjJeSHybHl7vpB66AzwTaIg6CLSbtjcxc8fqcySfnTkccA==}
    dev: false

  /sha.js/2.4.11:
    resolution: {integrity: sha512-QMEp5B7cftE7APOjk5Y6xgrbWu+WkLVQwk8JNjZ8nKRciZaByEW6MubieAiToS7+dwvrjGhH8jRXz3MVd0AYqQ==}
    hasBin: true
    dependencies:
      inherits: 2.0.4
      safe-buffer: 5.2.1
    dev: false

  /split-on-first/1.1.0:
    resolution: {integrity: sha512-43ZssAJaMusuKWL8sKUBQXHWOpq8d6CfN/u1p4gUzfJkM05C8rxTmYrkIPTXapZpORA6LkkzcUulJ8FqA7Uudw==}
    engines: {node: '>=6'}
    dev: false

  /split/0.2.10:
    resolution: {integrity: sha512-e0pKq+UUH2Xq/sXbYpZBZc3BawsfDZ7dgv+JtRTUPNcvF5CMR4Y9cvJqkMY0MoxWzTHvZuz1beg6pNEKlszPiQ==}
    dependencies:
      through: 2.3.8
    dev: false

  /strict-uri-encode/2.0.0:
    resolution: {integrity: sha512-QwiXZgpRcKkhTj2Scnn++4PKtWsH0kpzZ62L2R6c/LUVYv7hVnZqcg2+sMuT6R7Jusu1vviK/MFsu6kNJfWlEQ==}
    engines: {node: '>=4'}
    dev: false

  /string_decoder/1.3.0:
    resolution: {integrity: sha512-hkRX8U1WjJFd8LsDJ2yQ/wWWxaopEsABU1XfkM8A+j0+85JAGppt16cr1Whg6KIbb4okU6Mql6BOj+uup/wKeA==}
    dependencies:
      safe-buffer: 5.2.1
    dev: false

  /through/2.3.8:
    resolution: {integrity: sha512-w89qg7PI8wAdvX60bMDP+bFoD5Dvhm9oLheFp5O4a2QF0cSBGsBX4qZmadPMvVqlLJBBci+WqGGOAPvcDeNSVg==}
    dev: false

  /tr46/0.0.3:
    resolution: {integrity: sha512-N3WMsuqV66lT30CrXNbEjx4GEwlow3v6rr4mCcv6prnfwhS01rkgyFdjPNBYd9br7LpXV1+Emh01fHnq2Gdgrw==}
    dev: false

  /tslib/2.4.1:
    resolution: {integrity: sha512-tGyy4dAjRIEwI7BzsB0lynWgOpfqjUdq91XXAlIWD2OwKBH7oCl/GZG/HT4BOHrTlPMOASlMQ7veyTqpmRcrNA==}
    dev: false

  /tslib/2.5.0:
    resolution: {integrity: sha512-336iVw3rtn2BUK7ORdIAHTyxHGRIHVReokCR3XjbckJMK7ms8FysBfhLR8IXnAgy7T0PTPNBWKiH514FOW/WSg==}
    dev: false

  /typedarray-to-buffer/4.0.0:
    resolution: {integrity: sha512-6dOYeZfS3O9RtRD1caom0sMxgK59b27+IwoNy8RDPsmslSGOyU+mpTamlaIW7aNKi90ZQZ9DFaZL3YRoiSCULQ==}
    dev: false

  /uint8arrays/2.1.10:
    resolution: {integrity: sha512-Q9/hhJa2836nQfEJSZTmr+pg9+cDJS9XEAp7N2Vg5MzL3bK/mkMVfjscRGYruP9jNda6MAdf4QD/y78gSzkp6A==}
    dependencies:
      multiformats: 9.9.0
    dev: false

  /uint8arrays/3.1.1:
    resolution: {integrity: sha512-+QJa8QRnbdXVpHYjLoTpJIdCTiw9Ir62nocClWuXIq2JIh4Uta0cQsTSpFL678p2CN8B+XSApwcU+pQEqVpKWg==}
    dependencies:
      multiformats: 9.9.0
    dev: false

  /uint8arrays/4.0.3:
    resolution: {integrity: sha512-b+aKlI2oTnxnfeSQWV1sMacqSNxqhtXySaH6bflvONGxF8V/fT3ZlYH7z2qgGfydsvpVo4JUgM/Ylyfl2YouCg==}
    engines: {node: '>=16.0.0', npm: '>=7.0.0'}
    dependencies:
      multiformats: 11.0.1
    dev: false

  /util-deprecate/1.0.2:
    resolution: {integrity: sha512-EPD5q1uXyFxJpCrLnCc1nHnq3gOa6DZBocAIiI2TaSCA7VCJ1UJDMagCzIkXNsUYfD1daK//LTEQ8xiIbrHtcw==}
    dev: false

  /varint/5.0.2:
    resolution: {integrity: sha512-lKxKYG6H03yCZUpAGOPOsMcGxd1RHCu1iKvEHYDPmTyq2HueGhD73ssNBqqQWfvYs04G9iUFRvmAVLW20Jw6ow==}
    dev: false

  /varint/6.0.0:
    resolution: {integrity: sha512-cXEIW6cfr15lFv563k4GuVuW/fiwjknytD37jIOLSdSWuOI6WnO/oKwmP2FQTU2l01LP8/M5TSAJpzUaGe3uWg==}
    dev: false

  /webidl-conversions/3.0.1:
    resolution: {integrity: sha512-2JAn3z8AR6rjK8Sm8orRC0h/bcl/DqL7tRPdGZ4I1CjdF+EaMLmYxBHyXuKL849eucPFhvBoxMsflfOb8kxaeQ==}
    dev: false

  /whatwg-url/5.0.0:
    resolution: {integrity: sha512-saE57nupxk6v3HY35+jzBwYa0rKSy0XR8JSxZPwgLr7ys0IBzhGviA1/TUGJLmSVqs8pb9AnvICXEuOHLprYTw==}
    dependencies:
      tr46: 0.0.3
      webidl-conversions: 3.0.1
    dev: false
